
Microsoft Visual Studio Solution File, Format Version 12.00
# Visual Studio 15
VisualStudioVersion = 15.0.28010.2016
MinimumVisualStudioVersion = 10.0.40219.1
Project("{8BC9CEB8-8B4A-11D0-8D11-00A0C91BC942}") = "Laba_1", "Laba_1\Laba_1.vcxproj", "{7B852ACA-D7DC-4A61-89B8-15C91C61F10F}"
EndProject
Project("{8BC9CEB8-8B4A-11D0-8D11-00A0C91BC942}") = "Laba_2_1", "Laba_2\Laba_2.vcxproj", "{E180094C-5C5A-4EA7-98AB-2499EA655343}"
EndProject
Project("{8BC9CEB8-8B4A-11D0-8D11-00A0C91BC942}") = "Laba_2_2", "Laba_2_2\Laba_2_2.vcxproj", "{41EB33C4-063F-4685-9C30-9EC7281C44A7}"
EndProject
Project("{8BC9CEB8-8B4A-11D0-8D11-00A0C91BC942}") = "Laba_3_2", "Laba_3_2\Laba_3_2.vcxproj", "{9EB8DF69-D9E3-4F61-A931-EB4DD0476002}"
EndProject
Project("{8BC9CEB8-8B4A-11D0-8D11-00A0C91BC942}") = "Laba_4_1", "Laba_4_1\Laba_4_1.vcxproj", "{3CBDF335-40D0-4496-BE5D-6A70974FBBE3}"
EndProject
Project("{8BC9CEB8-8B4A-11D0-8D11-00A0C91BC942}") = "Laba_4_2", "Laba_4_2\Laba_4_2.vcxproj", "{4AF4A3CD-913B-42AB-AF56-047D1EDE5C3F}"
EndProject
Project("{8BC9CEB8-8B4A-11D0-8D11-00A0C91BC942}") = "Laba_5_1", "Laba_5_1\Laba_5_1.vcxproj", "{4CA1FD24-A369-41F7-8027-2526A9B379FA}"
EndProject
Project("{8BC9CEB8-8B4A-11D0-8D11-00A0C91BC942}") = "Testic", "Testic\Testic.vcxproj", "{D46BD13A-3CD3-4FD3-B873-505E1E2C2D5E}"
EndProject
Project("{8BC9CEB8-8B4A-11D0-8D11-00A0C91BC942}") = "Laba_3_1", "Laba_3_1\Laba_3_1.vcxproj", "{DF3F3A50-B3B9-4E7E-818F-57F521F31B10}"
EndProject
Project("{8BC9CEB8-8B4A-11D0-8D11-00A0C91BC942}") = "ALaba_3_1", "ALaba_3_1\ALaba_3_1.vcxproj", "{DBD1F4D8-FE07-437F-8517-F82D43FDD432}"
EndProject
Project("{8BC9CEB8-8B4A-11D0-8D11-00A0C91BC942}") = "ALaba_4_1", "ALaba_4_1\ALaba_4_1.vcxproj", "{9383188B-DE1F-4565-A062-1F2F307FB9E0}"
EndProject
Project("{8BC9CEB8-8B4A-11D0-8D11-00A0C91BC942}") = "DLaba_3_1", "DLaba_3_1\DLaba_3_1.vcxproj", "{E941BE8F-A665-46CA-8B2B-F4C306C26337}"
EndProject
Project("{8BC9CEB8-8B4A-11D0-8D11-00A0C91BC942}") = "Laba_4_1_2", "Laba_4_1_2\Laba_4_1_2.vcxproj", "{50981445-A308-491D-AC0A-C2CE6DE3D786}"
EndProject
Project("{8BC9CEB8-8B4A-11D0-8D11-00A0C91BC942}") = "Laba_4_2_2", "Laba_4_2_2\Laba_4_2_2.vcxproj", "{827D4928-71EA-4C4E-8272-7902DE95FA9D}"
EndProject
Project("{8BC9CEB8-8B4A-11D0-8D11-00A0C91BC942}") = "Laba_5_2", "Laba_5_2\Laba_5_2.vcxproj", "{6A15A0A9-6D77-483A-8199-E802A8AFCA00}"
EndProject
Project("{8BC9CEB8-8B4A-11D0-8D11-00A0C91BC942}") = "Laba_5_2_2", "Laba_5_2_2\Laba_5_2_2.vcxproj", "{2C99940A-C48A-4E9A-80CA-C95578A7DD44}"
EndProject
Project("{8BC9CEB8-8B4A-11D0-8D11-00A0C91BC942}") = "Laba_6_1", "Laba_6_1\Laba_6_1.vcxproj", "{C3E6FFB1-11F3-4BF3-A345-BCB07D1E1FEC}"
EndProject
Project("{8BC9CEB8-8B4A-11D0-8D11-00A0C91BC942}") = "ALaba_3_2", "ALaba_3_2\ALaba_3_2.vcxproj", "{9CC86252-8C40-4005-8E14-F04AFE8290E0}"
EndProject
Project("{8BC9CEB8-8B4A-11D0-8D11-00A0C91BC942}") = "Laba_6_2_1", "Laba_6_2_1\Laba_6_2_1.vcxproj", "{D8192B35-F915-4078-91BB-C9B47794D062}"
EndProject
Project("{8BC9CEB8-8B4A-11D0-8D11-00A0C91BC942}") = "Laba_6_1_2", "Laba_6_1_2\Laba_6_1_2.vcxproj", "{24591D48-6607-4BEE-A49E-1C90840D7092}"
EndProject
Project("{8BC9CEB8-8B4A-11D0-8D11-00A0C91BC942}") = "Laba_7_1", "Laba_7_1\Laba_7_1.vcxproj", "{C750A982-EC13-4FC2-B17D-DDDA0BD7FCF1}"
EndProject
Project("{8BC9CEB8-8B4A-11D0-8D11-00A0C91BC942}") = "Laba_7_2", "Laba_7_2\Laba_7_2.vcxproj", "{C603EAFA-0D34-4CC4-AC65-1F5A79B9A2D5}"
EndProject
Project("{8BC9CEB8-8B4A-11D0-8D11-00A0C91BC942}") = "ALaba_6_1_1", "ALaba_6_1_1\ALaba_6_1_1.vcxproj", "{24396E85-2011-4488-8C82-63EBAA5781A3}"
EndProject
Project("{8BC9CEB8-8B4A-11D0-8D11-00A0C91BC942}") = "Alab6_1_2", "Alab6_1_2\Alab6_1_2.vcxproj", "{04864E12-FE64-4D86-A268-4235DE6EE59C}"
EndProject
Project("{8BC9CEB8-8B4A-11D0-8D11-00A0C91BC942}") = "ALaba_6_2_2_2", "ALaba_6_2_2_2\ALaba_6_2_2_2.vcxproj", "{04559169-987D-46F8-B268-303F6C1F6148}"
EndProject
Project("{8BC9CEB8-8B4A-11D0-8D11-00A0C91BC942}") = "Laba_8", "Laba_8\Laba_8.vcxproj", "{D21C9079-E6D0-4524-B3F3-304C8163F51E}"
EndProject
Project("{8BC9CEB8-8B4A-11D0-8D11-00A0C91BC942}") = "Project1", "Project1\Project1.vcxproj", "{176E7B76-BF49-4089-ADA5-FE6518B70765}"
EndProject
Project("{8BC9CEB8-8B4A-11D0-8D11-00A0C91BC942}") = "Laba_9", "Laba_9\Laba_9.vcxproj", "{EA695AD7-BF65-465A-9338-1BF28B7AE896}"
EndProject
Project("{8BC9CEB8-8B4A-11D0-8D11-00A0C91BC942}") = "Laba_9_2", "Laba_9_2\Laba_9_2.vcxproj", "{3F83BF03-9F63-484B-8C05-B530EEEC7370}"
EndProject
Project("{8BC9CEB8-8B4A-11D0-8D11-00A0C91BC942}") = "Laba_10", "Laba_10\Laba_10.vcxproj", "{28FDE2EF-327C-443C-96A1-9B3D2A208292}"
EndProject
Project("{8BC9CEB8-8B4A-11D0-8D11-00A0C91BC942}") = "Laba_11", "Laba_11\Laba_11.vcxproj", "{1E275CC6-0622-420D-989A-3CD3666AB505}"
EndProject
Project("{8BC9CEB8-8B4A-11D0-8D11-00A0C91BC942}") = "Laba_12", "Laba_12\Laba_12.vcxproj", "{16BC3689-0987-4C07-AA7D-64284D814549}"
EndProject
Project("{8BC9CEB8-8B4A-11D0-8D11-00A0C91BC942}") = "Laba_10_2", "Laba_10_2\Laba_10_2.vcxproj", "{D29D087D-02F9-4CF2-A476-89886BA3291E}"
EndProject
Project("{8BC9CEB8-8B4A-11D0-8D11-00A0C91BC942}") = "Laba_13", "Laba_13\Laba_13.vcxproj", "{707884F7-ABC2-4E38-9FB3-553872967DCD}"
EndProject
Project("{8BC9CEB8-8B4A-11D0-8D11-00A0C91BC942}") = "Laba_11_2", "Laba_11_2\Laba_11_2.vcxproj", "{18E2F99E-98B4-4DEC-8122-27A4715DE816}"
EndProject
Project("{8BC9CEB8-8B4A-11D0-8D11-00A0C91BC942}") = "OKR", "OKR\OKR.vcxproj", "{E3699EBB-81CB-4BAF-814A-5AF1D3D62107}"
EndProject
Project("{8BC9CEB8-8B4A-11D0-8D11-00A0C91BC942}") = "Laba_11_3", "Laba_11_3\Laba_11_3.vcxproj", "{9FCB150E-2A89-4C7D-8BCE-2E8B9696EC0F}"
EndProject
Project("{8BC9CEB8-8B4A-11D0-8D11-00A0C91BC942}") = "Laba_9_3", "Laba_9_3\Laba_9_3.vcxproj", "{1CD1D760-A849-468B-A701-A6310F8E0DA3}"
EndProject
Project("{8BC9CEB8-8B4A-11D0-8D11-00A0C91BC942}") = "Laba_13_2", "Laba_13_2\Laba_13_2.vcxproj", "{BF0794E7-0E47-40EC-AD0C-2EAE37831474}"
EndProject
Project("{8BC9CEB8-8B4A-11D0-8D11-00A0C91BC942}") = "ALab_8", "ALab_8\ALab_8.vcxproj", "{92D3A730-58E7-4673-A2BA-89C66355F3C4}"
EndProject
Project("{8BC9CEB8-8B4A-11D0-8D11-00A0C91BC942}") = "Laba_14_1", "Laba_14_1\Laba_14_1.vcxproj", "{4591985A-3332-4458-ADC9-A8BC49EA9CBF}"
EndProject
Project("{8BC9CEB8-8B4A-11D0-8D11-00A0C91BC942}") = "VLaba_5", "VLaba_5\VLaba_5.vcxproj", "{183E82EB-6CBA-4F53-A443-AD7C8E37E47E}"
EndProject
Project("{8BC9CEB8-8B4A-11D0-8D11-00A0C91BC942}") = "Laba_14_2", "Laba_14_2\Laba_14_2.vcxproj", "{206B488F-4B38-484B-A9EC-968B77BB6660}"
EndProject
Project("{8BC9CEB8-8B4A-11D0-8D11-00A0C91BC942}") = "ALaba_9_2", "ALaba_9_2\ALaba_9_2.vcxproj", "{DF566413-5BA8-4937-BA7E-218CCA38110F}"
EndProject
Project("{8BC9CEB8-8B4A-11D0-8D11-00A0C91BC942}") = "Laba_15", "Laba15\Laba15.vcxproj", "{148EE177-E20C-4550-86FB-38B3D5F52355}"
EndProject
Project("{8BC9CEB8-8B4A-11D0-8D11-00A0C91BC942}") = "Laba_16", "Laba_16\Laba_16.vcxproj", "{128C61BE-AFE1-4F45-8AAF-5412FA5DD2A6}"
EndProject
Project("{8BC9CEB8-8B4A-11D0-8D11-00A0C91BC942}") = "Laba_17", "Laba_17\Laba_17.vcxproj", "{1B5C6CB8-3CE0-418E-9309-41766724104B}"
EndProject
Project("{8BC9CEB8-8B4A-11D0-8D11-00A0C91BC942}") = "Laba_18", "Laba_18\Laba_18.vcxproj", "{9B282CAE-012C-4668-9263-048455EF8F25}"
EndProject
Project("{8BC9CEB8-8B4A-11D0-8D11-00A0C91BC942}") = "Laba_19", "Laba_19\Laba_19.vcxproj", "{90DB80F8-9768-4BD4-AC43-4A9869E29A49}"
EndProject
Project("{8BC9CEB8-8B4A-11D0-8D11-00A0C91BC942}") = "Laba_20", "Laba_20\Laba_20.vcxproj", "{EED67950-D01E-4769-A0F1-1866136B78A7}"
EndProject
Project("{8BC9CEB8-8B4A-11D0-8D11-00A0C91BC942}") = "Laba_21", "Laba_21\Laba_21.vcxproj", "{4F0C274C-EDD7-4941-A646-BF7E20AE8822}"
EndProject
Project("{8BC9CEB8-8B4A-11D0-8D11-00A0C91BC942}") = "Laba_23", "Laba_23\Laba_23.vcxproj", "{336B1578-BE7E-4ECA-A526-2226BCDBA170}"
EndProject
Project("{8BC9CEB8-8B4A-11D0-8D11-00A0C91BC942}") = "SLaba_10", "SLaba_10\SLaba_10.vcxproj", "{F6E92C7A-5E4D-4747-8049-F229DF5C0171}"
EndProject
Project("{8BC9CEB8-8B4A-11D0-8D11-00A0C91BC942}") = "SLaba_9", "SLaba_9\SLaba_9.vcxproj", "{C7BC6F9C-2BE4-41C0-975C-CA542DFDD01D}"
EndProject
Project("{8BC9CEB8-8B4A-11D0-8D11-00A0C91BC942}") = "ALaba_9_1", "ALaba_9_1\ALaba_9_1.vcxproj", "{6FA52D19-3FC3-4183-88CF-2801F39E1615}"
EndProject
Project("{8BC9CEB8-8B4A-11D0-8D11-00A0C91BC942}") = "ALaba_7", "ALaba_7\ALaba_7.vcxproj", "{026FB083-08FD-4DD5-9FDA-ED966B5B8422}"
EndProject
Project("{8BC9CEB8-8B4A-11D0-8D11-00A0C91BC942}") = "ALaba_10", "ALaba_11\ALaba_11.vcxproj", "{642A54E3-4F59-4098-AB46-B32E8B70DD42}"
EndProject
Global
	GlobalSection(SolutionConfigurationPlatforms) = preSolution
		Debug|x64 = Debug|x64
		Debug|x86 = Debug|x86
		Release|x64 = Release|x64
		Release|x86 = Release|x86
	EndGlobalSection
	GlobalSection(ProjectConfigurationPlatforms) = postSolution
		{7B852ACA-D7DC-4A61-89B8-15C91C61F10F}.Debug|x64.ActiveCfg = Debug|x64
		{7B852ACA-D7DC-4A61-89B8-15C91C61F10F}.Debug|x64.Build.0 = Debug|x64
		{7B852ACA-D7DC-4A61-89B8-15C91C61F10F}.Debug|x86.ActiveCfg = Debug|Win32
		{7B852ACA-D7DC-4A61-89B8-15C91C61F10F}.Debug|x86.Build.0 = Debug|Win32
		{7B852ACA-D7DC-4A61-89B8-15C91C61F10F}.Release|x64.ActiveCfg = Release|x64
		{7B852ACA-D7DC-4A61-89B8-15C91C61F10F}.Release|x64.Build.0 = Release|x64
		{7B852ACA-D7DC-4A61-89B8-15C91C61F10F}.Release|x86.ActiveCfg = Release|Win32
		{7B852ACA-D7DC-4A61-89B8-15C91C61F10F}.Release|x86.Build.0 = Release|Win32
		{E180094C-5C5A-4EA7-98AB-2499EA655343}.Debug|x64.ActiveCfg = Debug|x64
		{E180094C-5C5A-4EA7-98AB-2499EA655343}.Debug|x64.Build.0 = Debug|x64
		{E180094C-5C5A-4EA7-98AB-2499EA655343}.Debug|x86.ActiveCfg = Debug|Win32
		{E180094C-5C5A-4EA7-98AB-2499EA655343}.Debug|x86.Build.0 = Debug|Win32
		{E180094C-5C5A-4EA7-98AB-2499EA655343}.Release|x64.ActiveCfg = Release|x64
		{E180094C-5C5A-4EA7-98AB-2499EA655343}.Release|x64.Build.0 = Release|x64
		{E180094C-5C5A-4EA7-98AB-2499EA655343}.Release|x86.ActiveCfg = Release|Win32
		{E180094C-5C5A-4EA7-98AB-2499EA655343}.Release|x86.Build.0 = Release|Win32
		{41EB33C4-063F-4685-9C30-9EC7281C44A7}.Debug|x64.ActiveCfg = Debug|x64
		{41EB33C4-063F-4685-9C30-9EC7281C44A7}.Debug|x64.Build.0 = Debug|x64
		{41EB33C4-063F-4685-9C30-9EC7281C44A7}.Debug|x86.ActiveCfg = Debug|Win32
		{41EB33C4-063F-4685-9C30-9EC7281C44A7}.Debug|x86.Build.0 = Debug|Win32
		{41EB33C4-063F-4685-9C30-9EC7281C44A7}.Release|x64.ActiveCfg = Release|x64
		{41EB33C4-063F-4685-9C30-9EC7281C44A7}.Release|x64.Build.0 = Release|x64
		{41EB33C4-063F-4685-9C30-9EC7281C44A7}.Release|x86.ActiveCfg = Release|Win32
		{41EB33C4-063F-4685-9C30-9EC7281C44A7}.Release|x86.Build.0 = Release|Win32
		{9EB8DF69-D9E3-4F61-A931-EB4DD0476002}.Debug|x64.ActiveCfg = Debug|x64
		{9EB8DF69-D9E3-4F61-A931-EB4DD0476002}.Debug|x64.Build.0 = Debug|x64
		{9EB8DF69-D9E3-4F61-A931-EB4DD0476002}.Debug|x86.ActiveCfg = Debug|Win32
		{9EB8DF69-D9E3-4F61-A931-EB4DD0476002}.Debug|x86.Build.0 = Debug|Win32
		{9EB8DF69-D9E3-4F61-A931-EB4DD0476002}.Release|x64.ActiveCfg = Release|x64
		{9EB8DF69-D9E3-4F61-A931-EB4DD0476002}.Release|x64.Build.0 = Release|x64
		{9EB8DF69-D9E3-4F61-A931-EB4DD0476002}.Release|x86.ActiveCfg = Release|Win32
		{9EB8DF69-D9E3-4F61-A931-EB4DD0476002}.Release|x86.Build.0 = Release|Win32
		{3CBDF335-40D0-4496-BE5D-6A70974FBBE3}.Debug|x64.ActiveCfg = Debug|x64
		{3CBDF335-40D0-4496-BE5D-6A70974FBBE3}.Debug|x64.Build.0 = Debug|x64
		{3CBDF335-40D0-4496-BE5D-6A70974FBBE3}.Debug|x86.ActiveCfg = Debug|Win32
		{3CBDF335-40D0-4496-BE5D-6A70974FBBE3}.Debug|x86.Build.0 = Debug|Win32
		{3CBDF335-40D0-4496-BE5D-6A70974FBBE3}.Release|x64.ActiveCfg = Release|x64
		{3CBDF335-40D0-4496-BE5D-6A70974FBBE3}.Release|x64.Build.0 = Release|x64
		{3CBDF335-40D0-4496-BE5D-6A70974FBBE3}.Release|x86.ActiveCfg = Release|Win32
		{3CBDF335-40D0-4496-BE5D-6A70974FBBE3}.Release|x86.Build.0 = Release|Win32
		{4AF4A3CD-913B-42AB-AF56-047D1EDE5C3F}.Debug|x64.ActiveCfg = Debug|x64
		{4AF4A3CD-913B-42AB-AF56-047D1EDE5C3F}.Debug|x64.Build.0 = Debug|x64
		{4AF4A3CD-913B-42AB-AF56-047D1EDE5C3F}.Debug|x86.ActiveCfg = Debug|Win32
		{4AF4A3CD-913B-42AB-AF56-047D1EDE5C3F}.Debug|x86.Build.0 = Debug|Win32
		{4AF4A3CD-913B-42AB-AF56-047D1EDE5C3F}.Release|x64.ActiveCfg = Release|x64
		{4AF4A3CD-913B-42AB-AF56-047D1EDE5C3F}.Release|x64.Build.0 = Release|x64
		{4AF4A3CD-913B-42AB-AF56-047D1EDE5C3F}.Release|x86.ActiveCfg = Release|Win32
		{4AF4A3CD-913B-42AB-AF56-047D1EDE5C3F}.Release|x86.Build.0 = Release|Win32
		{4CA1FD24-A369-41F7-8027-2526A9B379FA}.Debug|x64.ActiveCfg = Debug|x64
		{4CA1FD24-A369-41F7-8027-2526A9B379FA}.Debug|x64.Build.0 = Debug|x64
		{4CA1FD24-A369-41F7-8027-2526A9B379FA}.Debug|x86.ActiveCfg = Debug|Win32
		{4CA1FD24-A369-41F7-8027-2526A9B379FA}.Debug|x86.Build.0 = Debug|Win32
		{4CA1FD24-A369-41F7-8027-2526A9B379FA}.Release|x64.ActiveCfg = Release|x64
		{4CA1FD24-A369-41F7-8027-2526A9B379FA}.Release|x64.Build.0 = Release|x64
		{4CA1FD24-A369-41F7-8027-2526A9B379FA}.Release|x86.ActiveCfg = Release|Win32
		{4CA1FD24-A369-41F7-8027-2526A9B379FA}.Release|x86.Build.0 = Release|Win32
		{D46BD13A-3CD3-4FD3-B873-505E1E2C2D5E}.Debug|x64.ActiveCfg = Debug|x64
		{D46BD13A-3CD3-4FD3-B873-505E1E2C2D5E}.Debug|x64.Build.0 = Debug|x64
		{D46BD13A-3CD3-4FD3-B873-505E1E2C2D5E}.Debug|x86.ActiveCfg = Debug|Win32
		{D46BD13A-3CD3-4FD3-B873-505E1E2C2D5E}.Debug|x86.Build.0 = Debug|Win32
		{D46BD13A-3CD3-4FD3-B873-505E1E2C2D5E}.Release|x64.ActiveCfg = Release|x64
		{D46BD13A-3CD3-4FD3-B873-505E1E2C2D5E}.Release|x64.Build.0 = Release|x64
		{D46BD13A-3CD3-4FD3-B873-505E1E2C2D5E}.Release|x86.ActiveCfg = Release|Win32
		{D46BD13A-3CD3-4FD3-B873-505E1E2C2D5E}.Release|x86.Build.0 = Release|Win32
		{DF3F3A50-B3B9-4E7E-818F-57F521F31B10}.Debug|x64.ActiveCfg = Debug|x64
		{DF3F3A50-B3B9-4E7E-818F-57F521F31B10}.Debug|x64.Build.0 = Debug|x64
		{DF3F3A50-B3B9-4E7E-818F-57F521F31B10}.Debug|x86.ActiveCfg = Debug|Win32
		{DF3F3A50-B3B9-4E7E-818F-57F521F31B10}.Debug|x86.Build.0 = Debug|Win32
		{DF3F3A50-B3B9-4E7E-818F-57F521F31B10}.Release|x64.ActiveCfg = Release|x64
		{DF3F3A50-B3B9-4E7E-818F-57F521F31B10}.Release|x64.Build.0 = Release|x64
		{DF3F3A50-B3B9-4E7E-818F-57F521F31B10}.Release|x86.ActiveCfg = Release|Win32
		{DF3F3A50-B3B9-4E7E-818F-57F521F31B10}.Release|x86.Build.0 = Release|Win32
		{DBD1F4D8-FE07-437F-8517-F82D43FDD432}.Debug|x64.ActiveCfg = Debug|x64
		{DBD1F4D8-FE07-437F-8517-F82D43FDD432}.Debug|x64.Build.0 = Debug|x64
		{DBD1F4D8-FE07-437F-8517-F82D43FDD432}.Debug|x86.ActiveCfg = Debug|Win32
		{DBD1F4D8-FE07-437F-8517-F82D43FDD432}.Debug|x86.Build.0 = Debug|Win32
		{DBD1F4D8-FE07-437F-8517-F82D43FDD432}.Release|x64.ActiveCfg = Release|x64
		{DBD1F4D8-FE07-437F-8517-F82D43FDD432}.Release|x64.Build.0 = Release|x64
		{DBD1F4D8-FE07-437F-8517-F82D43FDD432}.Release|x86.ActiveCfg = Release|Win32
		{DBD1F4D8-FE07-437F-8517-F82D43FDD432}.Release|x86.Build.0 = Release|Win32
		{9383188B-DE1F-4565-A062-1F2F307FB9E0}.Debug|x64.ActiveCfg = Debug|x64
		{9383188B-DE1F-4565-A062-1F2F307FB9E0}.Debug|x64.Build.0 = Debug|x64
		{9383188B-DE1F-4565-A062-1F2F307FB9E0}.Debug|x86.ActiveCfg = Debug|Win32
		{9383188B-DE1F-4565-A062-1F2F307FB9E0}.Debug|x86.Build.0 = Debug|Win32
		{9383188B-DE1F-4565-A062-1F2F307FB9E0}.Release|x64.ActiveCfg = Release|x64
		{9383188B-DE1F-4565-A062-1F2F307FB9E0}.Release|x64.Build.0 = Release|x64
		{9383188B-DE1F-4565-A062-1F2F307FB9E0}.Release|x86.ActiveCfg = Release|Win32
		{9383188B-DE1F-4565-A062-1F2F307FB9E0}.Release|x86.Build.0 = Release|Win32
		{E941BE8F-A665-46CA-8B2B-F4C306C26337}.Debug|x64.ActiveCfg = Debug|x64
		{E941BE8F-A665-46CA-8B2B-F4C306C26337}.Debug|x64.Build.0 = Debug|x64
		{E941BE8F-A665-46CA-8B2B-F4C306C26337}.Debug|x86.ActiveCfg = Debug|Win32
		{E941BE8F-A665-46CA-8B2B-F4C306C26337}.Debug|x86.Build.0 = Debug|Win32
		{E941BE8F-A665-46CA-8B2B-F4C306C26337}.Release|x64.ActiveCfg = Release|x64
		{E941BE8F-A665-46CA-8B2B-F4C306C26337}.Release|x64.Build.0 = Release|x64
		{E941BE8F-A665-46CA-8B2B-F4C306C26337}.Release|x86.ActiveCfg = Release|Win32
		{E941BE8F-A665-46CA-8B2B-F4C306C26337}.Release|x86.Build.0 = Release|Win32
		{50981445-A308-491D-AC0A-C2CE6DE3D786}.Debug|x64.ActiveCfg = Debug|x64
		{50981445-A308-491D-AC0A-C2CE6DE3D786}.Debug|x64.Build.0 = Debug|x64
		{50981445-A308-491D-AC0A-C2CE6DE3D786}.Debug|x86.ActiveCfg = Debug|Win32
		{50981445-A308-491D-AC0A-C2CE6DE3D786}.Debug|x86.Build.0 = Debug|Win32
		{50981445-A308-491D-AC0A-C2CE6DE3D786}.Release|x64.ActiveCfg = Release|x64
		{50981445-A308-491D-AC0A-C2CE6DE3D786}.Release|x64.Build.0 = Release|x64
		{50981445-A308-491D-AC0A-C2CE6DE3D786}.Release|x86.ActiveCfg = Release|Win32
		{50981445-A308-491D-AC0A-C2CE6DE3D786}.Release|x86.Build.0 = Release|Win32
		{827D4928-71EA-4C4E-8272-7902DE95FA9D}.Debug|x64.ActiveCfg = Debug|x64
		{827D4928-71EA-4C4E-8272-7902DE95FA9D}.Debug|x64.Build.0 = Debug|x64
		{827D4928-71EA-4C4E-8272-7902DE95FA9D}.Debug|x86.ActiveCfg = Debug|Win32
		{827D4928-71EA-4C4E-8272-7902DE95FA9D}.Debug|x86.Build.0 = Debug|Win32
		{827D4928-71EA-4C4E-8272-7902DE95FA9D}.Release|x64.ActiveCfg = Release|x64
		{827D4928-71EA-4C4E-8272-7902DE95FA9D}.Release|x64.Build.0 = Release|x64
		{827D4928-71EA-4C4E-8272-7902DE95FA9D}.Release|x86.ActiveCfg = Release|Win32
		{827D4928-71EA-4C4E-8272-7902DE95FA9D}.Release|x86.Build.0 = Release|Win32
		{6A15A0A9-6D77-483A-8199-E802A8AFCA00}.Debug|x64.ActiveCfg = Debug|x64
		{6A15A0A9-6D77-483A-8199-E802A8AFCA00}.Debug|x64.Build.0 = Debug|x64
		{6A15A0A9-6D77-483A-8199-E802A8AFCA00}.Debug|x86.ActiveCfg = Debug|Win32
		{6A15A0A9-6D77-483A-8199-E802A8AFCA00}.Debug|x86.Build.0 = Debug|Win32
		{6A15A0A9-6D77-483A-8199-E802A8AFCA00}.Release|x64.ActiveCfg = Release|x64
		{6A15A0A9-6D77-483A-8199-E802A8AFCA00}.Release|x64.Build.0 = Release|x64
		{6A15A0A9-6D77-483A-8199-E802A8AFCA00}.Release|x86.ActiveCfg = Release|Win32
		{6A15A0A9-6D77-483A-8199-E802A8AFCA00}.Release|x86.Build.0 = Release|Win32
		{2C99940A-C48A-4E9A-80CA-C95578A7DD44}.Debug|x64.ActiveCfg = Debug|x64
		{2C99940A-C48A-4E9A-80CA-C95578A7DD44}.Debug|x64.Build.0 = Debug|x64
		{2C99940A-C48A-4E9A-80CA-C95578A7DD44}.Debug|x86.ActiveCfg = Debug|Win32
		{2C99940A-C48A-4E9A-80CA-C95578A7DD44}.Debug|x86.Build.0 = Debug|Win32
		{2C99940A-C48A-4E9A-80CA-C95578A7DD44}.Release|x64.ActiveCfg = Release|x64
		{2C99940A-C48A-4E9A-80CA-C95578A7DD44}.Release|x64.Build.0 = Release|x64
		{2C99940A-C48A-4E9A-80CA-C95578A7DD44}.Release|x86.ActiveCfg = Release|Win32
		{2C99940A-C48A-4E9A-80CA-C95578A7DD44}.Release|x86.Build.0 = Release|Win32
		{C3E6FFB1-11F3-4BF3-A345-BCB07D1E1FEC}.Debug|x64.ActiveCfg = Debug|x64
		{C3E6FFB1-11F3-4BF3-A345-BCB07D1E1FEC}.Debug|x64.Build.0 = Debug|x64
		{C3E6FFB1-11F3-4BF3-A345-BCB07D1E1FEC}.Debug|x86.ActiveCfg = Debug|Win32
		{C3E6FFB1-11F3-4BF3-A345-BCB07D1E1FEC}.Debug|x86.Build.0 = Debug|Win32
		{C3E6FFB1-11F3-4BF3-A345-BCB07D1E1FEC}.Release|x64.ActiveCfg = Release|x64
		{C3E6FFB1-11F3-4BF3-A345-BCB07D1E1FEC}.Release|x64.Build.0 = Release|x64
		{C3E6FFB1-11F3-4BF3-A345-BCB07D1E1FEC}.Release|x86.ActiveCfg = Release|Win32
		{C3E6FFB1-11F3-4BF3-A345-BCB07D1E1FEC}.Release|x86.Build.0 = Release|Win32
		{9CC86252-8C40-4005-8E14-F04AFE8290E0}.Debug|x64.ActiveCfg = Debug|x64
		{9CC86252-8C40-4005-8E14-F04AFE8290E0}.Debug|x64.Build.0 = Debug|x64
		{9CC86252-8C40-4005-8E14-F04AFE8290E0}.Debug|x86.ActiveCfg = Debug|Win32
		{9CC86252-8C40-4005-8E14-F04AFE8290E0}.Debug|x86.Build.0 = Debug|Win32
		{9CC86252-8C40-4005-8E14-F04AFE8290E0}.Release|x64.ActiveCfg = Release|x64
		{9CC86252-8C40-4005-8E14-F04AFE8290E0}.Release|x64.Build.0 = Release|x64
		{9CC86252-8C40-4005-8E14-F04AFE8290E0}.Release|x86.ActiveCfg = Release|Win32
		{9CC86252-8C40-4005-8E14-F04AFE8290E0}.Release|x86.Build.0 = Release|Win32
		{D8192B35-F915-4078-91BB-C9B47794D062}.Debug|x64.ActiveCfg = Debug|x64
		{D8192B35-F915-4078-91BB-C9B47794D062}.Debug|x64.Build.0 = Debug|x64
		{D8192B35-F915-4078-91BB-C9B47794D062}.Debug|x86.ActiveCfg = Debug|Win32
		{D8192B35-F915-4078-91BB-C9B47794D062}.Debug|x86.Build.0 = Debug|Win32
		{D8192B35-F915-4078-91BB-C9B47794D062}.Release|x64.ActiveCfg = Release|x64
		{D8192B35-F915-4078-91BB-C9B47794D062}.Release|x64.Build.0 = Release|x64
		{D8192B35-F915-4078-91BB-C9B47794D062}.Release|x86.ActiveCfg = Release|Win32
		{D8192B35-F915-4078-91BB-C9B47794D062}.Release|x86.Build.0 = Release|Win32
		{24591D48-6607-4BEE-A49E-1C90840D7092}.Debug|x64.ActiveCfg = Debug|x64
		{24591D48-6607-4BEE-A49E-1C90840D7092}.Debug|x64.Build.0 = Debug|x64
		{24591D48-6607-4BEE-A49E-1C90840D7092}.Debug|x86.ActiveCfg = Debug|Win32
		{24591D48-6607-4BEE-A49E-1C90840D7092}.Debug|x86.Build.0 = Debug|Win32
		{24591D48-6607-4BEE-A49E-1C90840D7092}.Release|x64.ActiveCfg = Release|x64
		{24591D48-6607-4BEE-A49E-1C90840D7092}.Release|x64.Build.0 = Release|x64
		{24591D48-6607-4BEE-A49E-1C90840D7092}.Release|x86.ActiveCfg = Release|Win32
		{24591D48-6607-4BEE-A49E-1C90840D7092}.Release|x86.Build.0 = Release|Win32
		{C750A982-EC13-4FC2-B17D-DDDA0BD7FCF1}.Debug|x64.ActiveCfg = Debug|x64
		{C750A982-EC13-4FC2-B17D-DDDA0BD7FCF1}.Debug|x64.Build.0 = Debug|x64
		{C750A982-EC13-4FC2-B17D-DDDA0BD7FCF1}.Debug|x86.ActiveCfg = Debug|Win32
		{C750A982-EC13-4FC2-B17D-DDDA0BD7FCF1}.Debug|x86.Build.0 = Debug|Win32
		{C750A982-EC13-4FC2-B17D-DDDA0BD7FCF1}.Release|x64.ActiveCfg = Release|x64
		{C750A982-EC13-4FC2-B17D-DDDA0BD7FCF1}.Release|x64.Build.0 = Release|x64
		{C750A982-EC13-4FC2-B17D-DDDA0BD7FCF1}.Release|x86.ActiveCfg = Release|Win32
		{C750A982-EC13-4FC2-B17D-DDDA0BD7FCF1}.Release|x86.Build.0 = Release|Win32
		{C603EAFA-0D34-4CC4-AC65-1F5A79B9A2D5}.Debug|x64.ActiveCfg = Debug|x64
		{C603EAFA-0D34-4CC4-AC65-1F5A79B9A2D5}.Debug|x64.Build.0 = Debug|x64
		{C603EAFA-0D34-4CC4-AC65-1F5A79B9A2D5}.Debug|x86.ActiveCfg = Debug|Win32
		{C603EAFA-0D34-4CC4-AC65-1F5A79B9A2D5}.Debug|x86.Build.0 = Debug|Win32
		{C603EAFA-0D34-4CC4-AC65-1F5A79B9A2D5}.Release|x64.ActiveCfg = Release|x64
		{C603EAFA-0D34-4CC4-AC65-1F5A79B9A2D5}.Release|x64.Build.0 = Release|x64
		{C603EAFA-0D34-4CC4-AC65-1F5A79B9A2D5}.Release|x86.ActiveCfg = Release|Win32
		{C603EAFA-0D34-4CC4-AC65-1F5A79B9A2D5}.Release|x86.Build.0 = Release|Win32
		{24396E85-2011-4488-8C82-63EBAA5781A3}.Debug|x64.ActiveCfg = Debug|x64
		{24396E85-2011-4488-8C82-63EBAA5781A3}.Debug|x64.Build.0 = Debug|x64
		{24396E85-2011-4488-8C82-63EBAA5781A3}.Debug|x86.ActiveCfg = Debug|Win32
		{24396E85-2011-4488-8C82-63EBAA5781A3}.Debug|x86.Build.0 = Debug|Win32
		{24396E85-2011-4488-8C82-63EBAA5781A3}.Release|x64.ActiveCfg = Release|x64
		{24396E85-2011-4488-8C82-63EBAA5781A3}.Release|x64.Build.0 = Release|x64
		{24396E85-2011-4488-8C82-63EBAA5781A3}.Release|x86.ActiveCfg = Release|Win32
		{24396E85-2011-4488-8C82-63EBAA5781A3}.Release|x86.Build.0 = Release|Win32
		{04864E12-FE64-4D86-A268-4235DE6EE59C}.Debug|x64.ActiveCfg = Debug|x64
		{04864E12-FE64-4D86-A268-4235DE6EE59C}.Debug|x64.Build.0 = Debug|x64
		{04864E12-FE64-4D86-A268-4235DE6EE59C}.Debug|x86.ActiveCfg = Debug|Win32
		{04864E12-FE64-4D86-A268-4235DE6EE59C}.Debug|x86.Build.0 = Debug|Win32
		{04864E12-FE64-4D86-A268-4235DE6EE59C}.Release|x64.ActiveCfg = Release|x64
		{04864E12-FE64-4D86-A268-4235DE6EE59C}.Release|x64.Build.0 = Release|x64
		{04864E12-FE64-4D86-A268-4235DE6EE59C}.Release|x86.ActiveCfg = Release|Win32
		{04864E12-FE64-4D86-A268-4235DE6EE59C}.Release|x86.Build.0 = Release|Win32
		{04559169-987D-46F8-B268-303F6C1F6148}.Debug|x64.ActiveCfg = Debug|x64
		{04559169-987D-46F8-B268-303F6C1F6148}.Debug|x64.Build.0 = Debug|x64
		{04559169-987D-46F8-B268-303F6C1F6148}.Debug|x86.ActiveCfg = Debug|Win32
		{04559169-987D-46F8-B268-303F6C1F6148}.Debug|x86.Build.0 = Debug|Win32
		{04559169-987D-46F8-B268-303F6C1F6148}.Release|x64.ActiveCfg = Release|x64
		{04559169-987D-46F8-B268-303F6C1F6148}.Release|x64.Build.0 = Release|x64
		{04559169-987D-46F8-B268-303F6C1F6148}.Release|x86.ActiveCfg = Release|Win32
		{04559169-987D-46F8-B268-303F6C1F6148}.Release|x86.Build.0 = Release|Win32
		{D21C9079-E6D0-4524-B3F3-304C8163F51E}.Debug|x64.ActiveCfg = Debug|x64
		{D21C9079-E6D0-4524-B3F3-304C8163F51E}.Debug|x64.Build.0 = Debug|x64
		{D21C9079-E6D0-4524-B3F3-304C8163F51E}.Debug|x86.ActiveCfg = Debug|Win32
		{D21C9079-E6D0-4524-B3F3-304C8163F51E}.Debug|x86.Build.0 = Debug|Win32
		{D21C9079-E6D0-4524-B3F3-304C8163F51E}.Release|x64.ActiveCfg = Release|x64
		{D21C9079-E6D0-4524-B3F3-304C8163F51E}.Release|x64.Build.0 = Release|x64
		{D21C9079-E6D0-4524-B3F3-304C8163F51E}.Release|x86.ActiveCfg = Release|Win32
		{D21C9079-E6D0-4524-B3F3-304C8163F51E}.Release|x86.Build.0 = Release|Win32
		{176E7B76-BF49-4089-ADA5-FE6518B70765}.Debug|x64.ActiveCfg = Debug|x64
		{176E7B76-BF49-4089-ADA5-FE6518B70765}.Debug|x64.Build.0 = Debug|x64
		{176E7B76-BF49-4089-ADA5-FE6518B70765}.Debug|x86.ActiveCfg = Debug|Win32
		{176E7B76-BF49-4089-ADA5-FE6518B70765}.Debug|x86.Build.0 = Debug|Win32
		{176E7B76-BF49-4089-ADA5-FE6518B70765}.Release|x64.ActiveCfg = Release|x64
		{176E7B76-BF49-4089-ADA5-FE6518B70765}.Release|x64.Build.0 = Release|x64
		{176E7B76-BF49-4089-ADA5-FE6518B70765}.Release|x86.ActiveCfg = Release|Win32
		{176E7B76-BF49-4089-ADA5-FE6518B70765}.Release|x86.Build.0 = Release|Win32
		{EA695AD7-BF65-465A-9338-1BF28B7AE896}.Debug|x64.ActiveCfg = Debug|x64
		{EA695AD7-BF65-465A-9338-1BF28B7AE896}.Debug|x64.Build.0 = Debug|x64
		{EA695AD7-BF65-465A-9338-1BF28B7AE896}.Debug|x86.ActiveCfg = Debug|Win32
		{EA695AD7-BF65-465A-9338-1BF28B7AE896}.Debug|x86.Build.0 = Debug|Win32
		{EA695AD7-BF65-465A-9338-1BF28B7AE896}.Release|x64.ActiveCfg = Release|x64
		{EA695AD7-BF65-465A-9338-1BF28B7AE896}.Release|x64.Build.0 = Release|x64
		{EA695AD7-BF65-465A-9338-1BF28B7AE896}.Release|x86.ActiveCfg = Release|Win32
		{EA695AD7-BF65-465A-9338-1BF28B7AE896}.Release|x86.Build.0 = Release|Win32
		{3F83BF03-9F63-484B-8C05-B530EEEC7370}.Debug|x64.ActiveCfg = Debug|x64
		{3F83BF03-9F63-484B-8C05-B530EEEC7370}.Debug|x64.Build.0 = Debug|x64
		{3F83BF03-9F63-484B-8C05-B530EEEC7370}.Debug|x86.ActiveCfg = Debug|Win32
		{3F83BF03-9F63-484B-8C05-B530EEEC7370}.Debug|x86.Build.0 = Debug|Win32
		{3F83BF03-9F63-484B-8C05-B530EEEC7370}.Release|x64.ActiveCfg = Release|x64
		{3F83BF03-9F63-484B-8C05-B530EEEC7370}.Release|x64.Build.0 = Release|x64
		{3F83BF03-9F63-484B-8C05-B530EEEC7370}.Release|x86.ActiveCfg = Release|Win32
		{3F83BF03-9F63-484B-8C05-B530EEEC7370}.Release|x86.Build.0 = Release|Win32
		{28FDE2EF-327C-443C-96A1-9B3D2A208292}.Debug|x64.ActiveCfg = Debug|x64
		{28FDE2EF-327C-443C-96A1-9B3D2A208292}.Debug|x64.Build.0 = Debug|x64
		{28FDE2EF-327C-443C-96A1-9B3D2A208292}.Debug|x86.ActiveCfg = Debug|Win32
		{28FDE2EF-327C-443C-96A1-9B3D2A208292}.Debug|x86.Build.0 = Debug|Win32
		{28FDE2EF-327C-443C-96A1-9B3D2A208292}.Release|x64.ActiveCfg = Release|x64
		{28FDE2EF-327C-443C-96A1-9B3D2A208292}.Release|x64.Build.0 = Release|x64
		{28FDE2EF-327C-443C-96A1-9B3D2A208292}.Release|x86.ActiveCfg = Release|Win32
		{28FDE2EF-327C-443C-96A1-9B3D2A208292}.Release|x86.Build.0 = Release|Win32
		{1E275CC6-0622-420D-989A-3CD3666AB505}.Debug|x64.ActiveCfg = Debug|x64
		{1E275CC6-0622-420D-989A-3CD3666AB505}.Debug|x64.Build.0 = Debug|x64
		{1E275CC6-0622-420D-989A-3CD3666AB505}.Debug|x86.ActiveCfg = Debug|Win32
		{1E275CC6-0622-420D-989A-3CD3666AB505}.Debug|x86.Build.0 = Debug|Win32
		{1E275CC6-0622-420D-989A-3CD3666AB505}.Release|x64.ActiveCfg = Release|x64
		{1E275CC6-0622-420D-989A-3CD3666AB505}.Release|x64.Build.0 = Release|x64
		{1E275CC6-0622-420D-989A-3CD3666AB505}.Release|x86.ActiveCfg = Release|Win32
		{1E275CC6-0622-420D-989A-3CD3666AB505}.Release|x86.Build.0 = Release|Win32
		{16BC3689-0987-4C07-AA7D-64284D814549}.Debug|x64.ActiveCfg = Debug|x64
		{16BC3689-0987-4C07-AA7D-64284D814549}.Debug|x64.Build.0 = Debug|x64
		{16BC3689-0987-4C07-AA7D-64284D814549}.Debug|x86.ActiveCfg = Debug|Win32
		{16BC3689-0987-4C07-AA7D-64284D814549}.Debug|x86.Build.0 = Debug|Win32
		{16BC3689-0987-4C07-AA7D-64284D814549}.Release|x64.ActiveCfg = Release|x64
		{16BC3689-0987-4C07-AA7D-64284D814549}.Release|x64.Build.0 = Release|x64
		{16BC3689-0987-4C07-AA7D-64284D814549}.Release|x86.ActiveCfg = Release|Win32
		{16BC3689-0987-4C07-AA7D-64284D814549}.Release|x86.Build.0 = Release|Win32
		{D29D087D-02F9-4CF2-A476-89886BA3291E}.Debug|x64.ActiveCfg = Debug|x64
		{D29D087D-02F9-4CF2-A476-89886BA3291E}.Debug|x64.Build.0 = Debug|x64
		{D29D087D-02F9-4CF2-A476-89886BA3291E}.Debug|x86.ActiveCfg = Debug|Win32
		{D29D087D-02F9-4CF2-A476-89886BA3291E}.Debug|x86.Build.0 = Debug|Win32
		{D29D087D-02F9-4CF2-A476-89886BA3291E}.Release|x64.ActiveCfg = Release|x64
		{D29D087D-02F9-4CF2-A476-89886BA3291E}.Release|x64.Build.0 = Release|x64
		{D29D087D-02F9-4CF2-A476-89886BA3291E}.Release|x86.ActiveCfg = Release|Win32
		{D29D087D-02F9-4CF2-A476-89886BA3291E}.Release|x86.Build.0 = Release|Win32
		{707884F7-ABC2-4E38-9FB3-553872967DCD}.Debug|x64.ActiveCfg = Debug|x64
		{707884F7-ABC2-4E38-9FB3-553872967DCD}.Debug|x64.Build.0 = Debug|x64
		{707884F7-ABC2-4E38-9FB3-553872967DCD}.Debug|x86.ActiveCfg = Debug|Win32
		{707884F7-ABC2-4E38-9FB3-553872967DCD}.Debug|x86.Build.0 = Debug|Win32
		{707884F7-ABC2-4E38-9FB3-553872967DCD}.Release|x64.ActiveCfg = Release|x64
		{707884F7-ABC2-4E38-9FB3-553872967DCD}.Release|x64.Build.0 = Release|x64
		{707884F7-ABC2-4E38-9FB3-553872967DCD}.Release|x86.ActiveCfg = Release|Win32
		{707884F7-ABC2-4E38-9FB3-553872967DCD}.Release|x86.Build.0 = Release|Win32
		{18E2F99E-98B4-4DEC-8122-27A4715DE816}.Debug|x64.ActiveCfg = Debug|x64
		{18E2F99E-98B4-4DEC-8122-27A4715DE816}.Debug|x64.Build.0 = Debug|x64
		{18E2F99E-98B4-4DEC-8122-27A4715DE816}.Debug|x86.ActiveCfg = Debug|Win32
		{18E2F99E-98B4-4DEC-8122-27A4715DE816}.Debug|x86.Build.0 = Debug|Win32
		{18E2F99E-98B4-4DEC-8122-27A4715DE816}.Release|x64.ActiveCfg = Release|x64
		{18E2F99E-98B4-4DEC-8122-27A4715DE816}.Release|x64.Build.0 = Release|x64
		{18E2F99E-98B4-4DEC-8122-27A4715DE816}.Release|x86.ActiveCfg = Release|Win32
		{18E2F99E-98B4-4DEC-8122-27A4715DE816}.Release|x86.Build.0 = Release|Win32
		{E3699EBB-81CB-4BAF-814A-5AF1D3D62107}.Debug|x64.ActiveCfg = Debug|x64
		{E3699EBB-81CB-4BAF-814A-5AF1D3D62107}.Debug|x64.Build.0 = Debug|x64
		{E3699EBB-81CB-4BAF-814A-5AF1D3D62107}.Debug|x86.ActiveCfg = Debug|Win32
		{E3699EBB-81CB-4BAF-814A-5AF1D3D62107}.Debug|x86.Build.0 = Debug|Win32
		{E3699EBB-81CB-4BAF-814A-5AF1D3D62107}.Release|x64.ActiveCfg = Release|x64
		{E3699EBB-81CB-4BAF-814A-5AF1D3D62107}.Release|x64.Build.0 = Release|x64
		{E3699EBB-81CB-4BAF-814A-5AF1D3D62107}.Release|x86.ActiveCfg = Release|Win32
		{E3699EBB-81CB-4BAF-814A-5AF1D3D62107}.Release|x86.Build.0 = Release|Win32
		{9FCB150E-2A89-4C7D-8BCE-2E8B9696EC0F}.Debug|x64.ActiveCfg = Debug|x64
		{9FCB150E-2A89-4C7D-8BCE-2E8B9696EC0F}.Debug|x64.Build.0 = Debug|x64
		{9FCB150E-2A89-4C7D-8BCE-2E8B9696EC0F}.Debug|x86.ActiveCfg = Debug|Win32
		{9FCB150E-2A89-4C7D-8BCE-2E8B9696EC0F}.Debug|x86.Build.0 = Debug|Win32
		{9FCB150E-2A89-4C7D-8BCE-2E8B9696EC0F}.Release|x64.ActiveCfg = Release|x64
		{9FCB150E-2A89-4C7D-8BCE-2E8B9696EC0F}.Release|x64.Build.0 = Release|x64
		{9FCB150E-2A89-4C7D-8BCE-2E8B9696EC0F}.Release|x86.ActiveCfg = Release|Win32
		{9FCB150E-2A89-4C7D-8BCE-2E8B9696EC0F}.Release|x86.Build.0 = Release|Win32
		{1CD1D760-A849-468B-A701-A6310F8E0DA3}.Debug|x64.ActiveCfg = Debug|x64
		{1CD1D760-A849-468B-A701-A6310F8E0DA3}.Debug|x64.Build.0 = Debug|x64
		{1CD1D760-A849-468B-A701-A6310F8E0DA3}.Debug|x86.ActiveCfg = Debug|Win32
		{1CD1D760-A849-468B-A701-A6310F8E0DA3}.Debug|x86.Build.0 = Debug|Win32
		{1CD1D760-A849-468B-A701-A6310F8E0DA3}.Release|x64.ActiveCfg = Release|x64
		{1CD1D760-A849-468B-A701-A6310F8E0DA3}.Release|x64.Build.0 = Release|x64
		{1CD1D760-A849-468B-A701-A6310F8E0DA3}.Release|x86.ActiveCfg = Release|Win32
		{1CD1D760-A849-468B-A701-A6310F8E0DA3}.Release|x86.Build.0 = Release|Win32
		{BF0794E7-0E47-40EC-AD0C-2EAE37831474}.Debug|x64.ActiveCfg = Debug|x64
		{BF0794E7-0E47-40EC-AD0C-2EAE37831474}.Debug|x64.Build.0 = Debug|x64
		{BF0794E7-0E47-40EC-AD0C-2EAE37831474}.Debug|x86.ActiveCfg = Debug|Win32
		{BF0794E7-0E47-40EC-AD0C-2EAE37831474}.Debug|x86.Build.0 = Debug|Win32
		{BF0794E7-0E47-40EC-AD0C-2EAE37831474}.Release|x64.ActiveCfg = Release|x64
		{BF0794E7-0E47-40EC-AD0C-2EAE37831474}.Release|x64.Build.0 = Release|x64
		{BF0794E7-0E47-40EC-AD0C-2EAE37831474}.Release|x86.ActiveCfg = Release|Win32
		{BF0794E7-0E47-40EC-AD0C-2EAE37831474}.Release|x86.Build.0 = Release|Win32
		{92D3A730-58E7-4673-A2BA-89C66355F3C4}.Debug|x64.ActiveCfg = Debug|x64
		{92D3A730-58E7-4673-A2BA-89C66355F3C4}.Debug|x64.Build.0 = Debug|x64
		{92D3A730-58E7-4673-A2BA-89C66355F3C4}.Debug|x86.ActiveCfg = Debug|Win32
		{92D3A730-58E7-4673-A2BA-89C66355F3C4}.Debug|x86.Build.0 = Debug|Win32
		{92D3A730-58E7-4673-A2BA-89C66355F3C4}.Release|x64.ActiveCfg = Release|x64
		{92D3A730-58E7-4673-A2BA-89C66355F3C4}.Release|x64.Build.0 = Release|x64
		{92D3A730-58E7-4673-A2BA-89C66355F3C4}.Release|x86.ActiveCfg = Release|Win32
		{92D3A730-58E7-4673-A2BA-89C66355F3C4}.Release|x86.Build.0 = Release|Win32
		{4591985A-3332-4458-ADC9-A8BC49EA9CBF}.Debug|x64.ActiveCfg = Debug|x64
		{4591985A-3332-4458-ADC9-A8BC49EA9CBF}.Debug|x64.Build.0 = Debug|x64
		{4591985A-3332-4458-ADC9-A8BC49EA9CBF}.Debug|x86.ActiveCfg = Debug|Win32
		{4591985A-3332-4458-ADC9-A8BC49EA9CBF}.Debug|x86.Build.0 = Debug|Win32
		{4591985A-3332-4458-ADC9-A8BC49EA9CBF}.Release|x64.ActiveCfg = Release|x64
		{4591985A-3332-4458-ADC9-A8BC49EA9CBF}.Release|x64.Build.0 = Release|x64
		{4591985A-3332-4458-ADC9-A8BC49EA9CBF}.Release|x86.ActiveCfg = Release|Win32
		{4591985A-3332-4458-ADC9-A8BC49EA9CBF}.Release|x86.Build.0 = Release|Win32
		{183E82EB-6CBA-4F53-A443-AD7C8E37E47E}.Debug|x64.ActiveCfg = Debug|x64
		{183E82EB-6CBA-4F53-A443-AD7C8E37E47E}.Debug|x64.Build.0 = Debug|x64
		{183E82EB-6CBA-4F53-A443-AD7C8E37E47E}.Debug|x86.ActiveCfg = Debug|Win32
		{183E82EB-6CBA-4F53-A443-AD7C8E37E47E}.Debug|x86.Build.0 = Debug|Win32
		{183E82EB-6CBA-4F53-A443-AD7C8E37E47E}.Release|x64.ActiveCfg = Release|x64
		{183E82EB-6CBA-4F53-A443-AD7C8E37E47E}.Release|x64.Build.0 = Release|x64
		{183E82EB-6CBA-4F53-A443-AD7C8E37E47E}.Release|x86.ActiveCfg = Release|Win32
		{183E82EB-6CBA-4F53-A443-AD7C8E37E47E}.Release|x86.Build.0 = Release|Win32
		{206B488F-4B38-484B-A9EC-968B77BB6660}.Debug|x64.ActiveCfg = Debug|x64
		{206B488F-4B38-484B-A9EC-968B77BB6660}.Debug|x64.Build.0 = Debug|x64
		{206B488F-4B38-484B-A9EC-968B77BB6660}.Debug|x86.ActiveCfg = Debug|Win32
		{206B488F-4B38-484B-A9EC-968B77BB6660}.Debug|x86.Build.0 = Debug|Win32
		{206B488F-4B38-484B-A9EC-968B77BB6660}.Release|x64.ActiveCfg = Release|x64
		{206B488F-4B38-484B-A9EC-968B77BB6660}.Release|x64.Build.0 = Release|x64
		{206B488F-4B38-484B-A9EC-968B77BB6660}.Release|x86.ActiveCfg = Release|Win32
		{206B488F-4B38-484B-A9EC-968B77BB6660}.Release|x86.Build.0 = Release|Win32
		{DF566413-5BA8-4937-BA7E-218CCA38110F}.Debug|x64.ActiveCfg = Debug|x64
		{DF566413-5BA8-4937-BA7E-218CCA38110F}.Debug|x64.Build.0 = Debug|x64
		{DF566413-5BA8-4937-BA7E-218CCA38110F}.Debug|x86.ActiveCfg = Debug|Win32
		{DF566413-5BA8-4937-BA7E-218CCA38110F}.Debug|x86.Build.0 = Debug|Win32
		{DF566413-5BA8-4937-BA7E-218CCA38110F}.Release|x64.ActiveCfg = Release|x64
		{DF566413-5BA8-4937-BA7E-218CCA38110F}.Release|x64.Build.0 = Release|x64
		{DF566413-5BA8-4937-BA7E-218CCA38110F}.Release|x86.ActiveCfg = Release|Win32
		{DF566413-5BA8-4937-BA7E-218CCA38110F}.Release|x86.Build.0 = Release|Win32
		{148EE177-E20C-4550-86FB-38B3D5F52355}.Debug|x64.ActiveCfg = Debug|x64
		{148EE177-E20C-4550-86FB-38B3D5F52355}.Debug|x64.Build.0 = Debug|x64
		{148EE177-E20C-4550-86FB-38B3D5F52355}.Debug|x86.ActiveCfg = Debug|Win32
		{148EE177-E20C-4550-86FB-38B3D5F52355}.Debug|x86.Build.0 = Debug|Win32
		{148EE177-E20C-4550-86FB-38B3D5F52355}.Release|x64.ActiveCfg = Release|x64
		{148EE177-E20C-4550-86FB-38B3D5F52355}.Release|x64.Build.0 = Release|x64
		{148EE177-E20C-4550-86FB-38B3D5F52355}.Release|x86.ActiveCfg = Release|Win32
		{148EE177-E20C-4550-86FB-38B3D5F52355}.Release|x86.Build.0 = Release|Win32
		{128C61BE-AFE1-4F45-8AAF-5412FA5DD2A6}.Debug|x64.ActiveCfg = Debug|x64
		{128C61BE-AFE1-4F45-8AAF-5412FA5DD2A6}.Debug|x64.Build.0 = Debug|x64
		{128C61BE-AFE1-4F45-8AAF-5412FA5DD2A6}.Debug|x86.ActiveCfg = Debug|Win32
		{128C61BE-AFE1-4F45-8AAF-5412FA5DD2A6}.Debug|x86.Build.0 = Debug|Win32
		{128C61BE-AFE1-4F45-8AAF-5412FA5DD2A6}.Release|x64.ActiveCfg = Release|x64
		{128C61BE-AFE1-4F45-8AAF-5412FA5DD2A6}.Release|x64.Build.0 = Release|x64
		{128C61BE-AFE1-4F45-8AAF-5412FA5DD2A6}.Release|x86.ActiveCfg = Release|Win32
		{128C61BE-AFE1-4F45-8AAF-5412FA5DD2A6}.Release|x86.Build.0 = Release|Win32
		{1B5C6CB8-3CE0-418E-9309-41766724104B}.Debug|x64.ActiveCfg = Debug|x64
		{1B5C6CB8-3CE0-418E-9309-41766724104B}.Debug|x64.Build.0 = Debug|x64
		{1B5C6CB8-3CE0-418E-9309-41766724104B}.Debug|x86.ActiveCfg = Debug|Win32
		{1B5C6CB8-3CE0-418E-9309-41766724104B}.Debug|x86.Build.0 = Debug|Win32
		{1B5C6CB8-3CE0-418E-9309-41766724104B}.Release|x64.ActiveCfg = Release|x64
		{1B5C6CB8-3CE0-418E-9309-41766724104B}.Release|x64.Build.0 = Release|x64
		{1B5C6CB8-3CE0-418E-9309-41766724104B}.Release|x86.ActiveCfg = Release|Win32
		{1B5C6CB8-3CE0-418E-9309-41766724104B}.Release|x86.Build.0 = Release|Win32
		{9B282CAE-012C-4668-9263-048455EF8F25}.Debug|x64.ActiveCfg = Debug|x64
		{9B282CAE-012C-4668-9263-048455EF8F25}.Debug|x64.Build.0 = Debug|x64
		{9B282CAE-012C-4668-9263-048455EF8F25}.Debug|x86.ActiveCfg = Debug|Win32
		{9B282CAE-012C-4668-9263-048455EF8F25}.Debug|x86.Build.0 = Debug|Win32
		{9B282CAE-012C-4668-9263-048455EF8F25}.Release|x64.ActiveCfg = Release|x64
		{9B282CAE-012C-4668-9263-048455EF8F25}.Release|x64.Build.0 = Release|x64
		{9B282CAE-012C-4668-9263-048455EF8F25}.Release|x86.ActiveCfg = Release|Win32
		{9B282CAE-012C-4668-9263-048455EF8F25}.Release|x86.Build.0 = Release|Win32
		{90DB80F8-9768-4BD4-AC43-4A9869E29A49}.Debug|x64.ActiveCfg = Debug|x64
		{90DB80F8-9768-4BD4-AC43-4A9869E29A49}.Debug|x64.Build.0 = Debug|x64
		{90DB80F8-9768-4BD4-AC43-4A9869E29A49}.Debug|x86.ActiveCfg = Debug|Win32
		{90DB80F8-9768-4BD4-AC43-4A9869E29A49}.Debug|x86.Build.0 = Debug|Win32
		{90DB80F8-9768-4BD4-AC43-4A9869E29A49}.Release|x64.ActiveCfg = Release|x64
		{90DB80F8-9768-4BD4-AC43-4A9869E29A49}.Release|x64.Build.0 = Release|x64
		{90DB80F8-9768-4BD4-AC43-4A9869E29A49}.Release|x86.ActiveCfg = Release|Win32
		{90DB80F8-9768-4BD4-AC43-4A9869E29A49}.Release|x86.Build.0 = Release|Win32
		{EED67950-D01E-4769-A0F1-1866136B78A7}.Debug|x64.ActiveCfg = Debug|x64
		{EED67950-D01E-4769-A0F1-1866136B78A7}.Debug|x64.Build.0 = Debug|x64
		{EED67950-D01E-4769-A0F1-1866136B78A7}.Debug|x86.ActiveCfg = Debug|Win32
		{EED67950-D01E-4769-A0F1-1866136B78A7}.Debug|x86.Build.0 = Debug|Win32
		{EED67950-D01E-4769-A0F1-1866136B78A7}.Release|x64.ActiveCfg = Release|x64
		{EED67950-D01E-4769-A0F1-1866136B78A7}.Release|x64.Build.0 = Release|x64
		{EED67950-D01E-4769-A0F1-1866136B78A7}.Release|x86.ActiveCfg = Release|Win32
		{EED67950-D01E-4769-A0F1-1866136B78A7}.Release|x86.Build.0 = Release|Win32
		{4F0C274C-EDD7-4941-A646-BF7E20AE8822}.Debug|x64.ActiveCfg = Debug|x64
		{4F0C274C-EDD7-4941-A646-BF7E20AE8822}.Debug|x64.Build.0 = Debug|x64
		{4F0C274C-EDD7-4941-A646-BF7E20AE8822}.Debug|x86.ActiveCfg = Debug|Win32
		{4F0C274C-EDD7-4941-A646-BF7E20AE8822}.Debug|x86.Build.0 = Debug|Win32
		{4F0C274C-EDD7-4941-A646-BF7E20AE8822}.Release|x64.ActiveCfg = Release|x64
		{4F0C274C-EDD7-4941-A646-BF7E20AE8822}.Release|x64.Build.0 = Release|x64
		{4F0C274C-EDD7-4941-A646-BF7E20AE8822}.Release|x86.ActiveCfg = Release|Win32
		{4F0C274C-EDD7-4941-A646-BF7E20AE8822}.Release|x86.Build.0 = Release|Win32
		{336B1578-BE7E-4ECA-A526-2226BCDBA170}.Debug|x64.ActiveCfg = Debug|x64
		{336B1578-BE7E-4ECA-A526-2226BCDBA170}.Debug|x64.Build.0 = Debug|x64
		{336B1578-BE7E-4ECA-A526-2226BCDBA170}.Debug|x86.ActiveCfg = Debug|Win32
		{336B1578-BE7E-4ECA-A526-2226BCDBA170}.Debug|x86.Build.0 = Debug|Win32
		{336B1578-BE7E-4ECA-A526-2226BCDBA170}.Release|x64.ActiveCfg = Release|x64
		{336B1578-BE7E-4ECA-A526-2226BCDBA170}.Release|x64.Build.0 = Release|x64
		{336B1578-BE7E-4ECA-A526-2226BCDBA170}.Release|x86.ActiveCfg = Release|Win32
		{336B1578-BE7E-4ECA-A526-2226BCDBA170}.Release|x86.Build.0 = Release|Win32
		{F6E92C7A-5E4D-4747-8049-F229DF5C0171}.Debug|x64.ActiveCfg = Debug|x64
		{F6E92C7A-5E4D-4747-8049-F229DF5C0171}.Debug|x64.Build.0 = Debug|x64
		{F6E92C7A-5E4D-4747-8049-F229DF5C0171}.Debug|x86.ActiveCfg = Debug|Win32
		{F6E92C7A-5E4D-4747-8049-F229DF5C0171}.Debug|x86.Build.0 = Debug|Win32
		{F6E92C7A-5E4D-4747-8049-F229DF5C0171}.Release|x64.ActiveCfg = Release|x64
		{F6E92C7A-5E4D-4747-8049-F229DF5C0171}.Release|x64.Build.0 = Release|x64
		{F6E92C7A-5E4D-4747-8049-F229DF5C0171}.Release|x86.ActiveCfg = Release|Win32
		{F6E92C7A-5E4D-4747-8049-F229DF5C0171}.Release|x86.Build.0 = Release|Win32
		{C7BC6F9C-2BE4-41C0-975C-CA542DFDD01D}.Debug|x64.ActiveCfg = Debug|x64
		{C7BC6F9C-2BE4-41C0-975C-CA542DFDD01D}.Debug|x64.Build.0 = Debug|x64
		{C7BC6F9C-2BE4-41C0-975C-CA542DFDD01D}.Debug|x86.ActiveCfg = Debug|Win32
		{C7BC6F9C-2BE4-41C0-975C-CA542DFDD01D}.Debug|x86.Build.0 = Debug|Win32
		{C7BC6F9C-2BE4-41C0-975C-CA542DFDD01D}.Release|x64.ActiveCfg = Release|x64
		{C7BC6F9C-2BE4-41C0-975C-CA542DFDD01D}.Release|x64.Build.0 = Release|x64
		{C7BC6F9C-2BE4-41C0-975C-CA542DFDD01D}.Release|x86.ActiveCfg = Release|Win32
		{C7BC6F9C-2BE4-41C0-975C-CA542DFDD01D}.Release|x86.Build.0 = Release|Win32
		{6FA52D19-3FC3-4183-88CF-2801F39E1615}.Debug|x64.ActiveCfg = Debug|x64
		{6FA52D19-3FC3-4183-88CF-2801F39E1615}.Debug|x64.Build.0 = Debug|x64
		{6FA52D19-3FC3-4183-88CF-2801F39E1615}.Debug|x86.ActiveCfg = Debug|Win32
		{6FA52D19-3FC3-4183-88CF-2801F39E1615}.Debug|x86.Build.0 = Debug|Win32
		{6FA52D19-3FC3-4183-88CF-2801F39E1615}.Release|x64.ActiveCfg = Release|x64
		{6FA52D19-3FC3-4183-88CF-2801F39E1615}.Release|x64.Build.0 = Release|x64
		{6FA52D19-3FC3-4183-88CF-2801F39E1615}.Release|x86.ActiveCfg = Release|Win32
		{6FA52D19-3FC3-4183-88CF-2801F39E1615}.Release|x86.Build.0 = Release|Win32
		{026FB083-08FD-4DD5-9FDA-ED966B5B8422}.Debug|x64.ActiveCfg = Debug|x64
		{026FB083-08FD-4DD5-9FDA-ED966B5B8422}.Debug|x64.Build.0 = Debug|x64
		{026FB083-08FD-4DD5-9FDA-ED966B5B8422}.Debug|x86.ActiveCfg = Debug|Win32
		{026FB083-08FD-4DD5-9FDA-ED966B5B8422}.Debug|x86.Build.0 = Debug|Win32
		{026FB083-08FD-4DD5-9FDA-ED966B5B8422}.Release|x64.ActiveCfg = Release|x64
		{026FB083-08FD-4DD5-9FDA-ED966B5B8422}.Release|x64.Build.0 = Release|x64
		{026FB083-08FD-4DD5-9FDA-ED966B5B8422}.Release|x86.ActiveCfg = Release|Win32
		{026FB083-08FD-4DD5-9FDA-ED966B5B8422}.Release|x86.Build.0 = Release|Win32
		{642A54E3-4F59-4098-AB46-B32E8B70DD42}.Debug|x64.ActiveCfg = Debug|x64
		{642A54E3-4F59-4098-AB46-B32E8B70DD42}.Debug|x64.Build.0 = Debug|x64
		{642A54E3-4F59-4098-AB46-B32E8B70DD42}.Debug|x86.ActiveCfg = Debug|Win32
		{642A54E3-4F59-4098-AB46-B32E8B70DD42}.Debug|x86.Build.0 = Debug|Win32
		{642A54E3-4F59-4098-AB46-B32E8B70DD42}.Release|x64.ActiveCfg = Release|x64
		{642A54E3-4F59-4098-AB46-B32E8B70DD42}.Release|x64.Build.0 = Release|x64
		{642A54E3-4F59-4098-AB46-B32E8B70DD42}.Release|x86.ActiveCfg = Release|Win32
		{642A54E3-4F59-4098-AB46-B32E8B70DD42}.Release|x86.Build.0 = Release|Win32
	EndGlobalSection
	GlobalSection(SolutionProperties) = preSolution
		HideSolutionNode = FALSE
	EndGlobalSection
	GlobalSection(ExtensibilityGlobals) = postSolution
		SolutionGuid = {4E4EB94D-2DA5-42DF-9147-EF4F0AB805D9}
	EndGlobalSection
EndGlobal
